
Microsoft Visual Studio Solution File, Format Version 12.00
# Visual Studio Version 17
VisualStudioVersion = 17.10.35122.118
MinimumVisualStudioVersion = 10.0.40219.1
Project("{FAE04EC0-301F-11D3-BF4B-00C04F79EFBC}") = "SortedList", "SortedList\SortedList.csproj", "{8CA24684-C904-450F-B627-BC27F853F834}"
EndProject
Global
	GlobalSection(SolutionConfigurationPlatforms) = preSolution
		Debug|Any CPU = Debug|Any CPU
		Release|Any CPU = Release|Any CPU
	EndGlobalSection
	GlobalSection(ProjectConfigurationPlatforms) = postSolution
		{8CA24684-C904-450F-B627-BC27F853F834}.Debug|Any CPU.ActiveCfg = Debug|Any CPU
		{8CA24684-C904-450F-B627-BC27F853F834}.Debug|Any CPU.Build.0 = Debug|Any CPU
		{8CA24684-C904-450F-B627-BC27F853F834}.Release|Any CPU.ActiveCfg = Release|Any CPU
		{8CA24684-C904-450F-B627-BC27F853F834}.Release|Any CPU.Build.0 = Release|Any CPU
	EndGlobalSection
	GlobalSection(SolutionProperties) = preSolution
		HideSolutionNode = FALSE
	EndGlobalSection
	GlobalSection(ExtensibilityGlobals) = postSolution
		SolutionGuid = {00E26776-A35C-4055-970C-79198D1DB753}
	EndGlobalSection
EndGlobal
